// !$*UTF8*$!
{
	archiveVersion = 1;
	classes = {
	};
	objectVersion = 48;
	objects = {

/* Begin PBXBuildFile section */
		064E660E2030779C004042E4 /* CatograyViewControllr.swift in Sources */ = {isa = PBXBuildFile; fileRef = 064E660D2030779C004042E4 /* CatograyViewControllr.swift */; };
		06AC4974202F239F00C35EC0 /* dataModel.xcdatamodeld in Sources */ = {isa = PBXBuildFile; fileRef = 06AC4972202F239F00C35EC0 /* dataModel.xcdatamodeld */; };
		06C15783202BC1A800856031 /* AppDelegate.swift in Sources */ = {isa = PBXBuildFile; fileRef = 06C15782202BC1A800856031 /* AppDelegate.swift */; };
		06C15785202BC1A800856031 /* toDoListViewController.swift in Sources */ = {isa = PBXBuildFile; fileRef = 06C15784202BC1A800856031 /* toDoListViewController.swift */; };
		06C15788202BC1A800856031 /* Main.storyboard in Resources */ = {isa = PBXBuildFile; fileRef = 06C15786202BC1A800856031 /* Main.storyboard */; };
		06C1578A202BC1A800856031 /* Assets.xcassets in Resources */ = {isa = PBXBuildFile; fileRef = 06C15789202BC1A800856031 /* Assets.xcassets */; };
		06C1578D202BC1A800856031 /* LaunchScreen.storyboard in Resources */ = {isa = PBXBuildFile; fileRef = 06C1578B202BC1A800856031 /* LaunchScreen.storyboard */; };
		A0435A5059D2046B1805A0E1 /* Pods_tasker.framework in Frameworks */ = {isa = PBXBuildFile; fileRef = 38870660C3CA45E4127EC073 /* Pods_tasker.framework */; };
/* End PBXBuildFile section */

/* Begin PBXFileReference section */
		064E660D2030779C004042E4 /* CatograyViewControllr.swift */ = {isa = PBXFileReference; lastKnownFileType = sourcecode.swift; name = CatograyViewControllr.swift; path = tasker/controlors/CatograyViewControllr.swift; sourceTree = SOURCE_ROOT; };
		06AC4973202F239F00C35EC0 /* dataModel.xcdatamodel */ = {isa = PBXFileReference; lastKnownFileType = wrapper.xcdatamodel; path = dataModel.xcdatamodel; sourceTree = "<group>"; };
		06C1577F202BC1A800856031 /* tasker.app */ = {isa = PBXFileReference; explicitFileType = wrapper.application; includeInIndex = 0; path = tasker.app; sourceTree = BUILT_PRODUCTS_DIR; };
		06C15782202BC1A800856031 /* AppDelegate.swift */ = {isa = PBXFileReference; lastKnownFileType = sourcecode.swift; path = AppDelegate.swift; sourceTree = "<group>"; };
		06C15784202BC1A800856031 /* toDoListViewController.swift */ = {isa = PBXFileReference; lastKnownFileType = sourcecode.swift; path = toDoListViewController.swift; sourceTree = "<group>"; };
		06C15787202BC1A800856031 /* Base */ = {isa = PBXFileReference; lastKnownFileType = file.storyboard; name = Base; path = Base.lproj/Main.storyboard; sourceTree = "<group>"; };
		06C15789202BC1A800856031 /* Assets.xcassets */ = {isa = PBXFileReference; lastKnownFileType = folder.assetcatalog; path = Assets.xcassets; sourceTree = "<group>"; };
		06C1578C202BC1A800856031 /* Base */ = {isa = PBXFileReference; lastKnownFileType = file.storyboard; name = Base; path = Base.lproj/LaunchScreen.storyboard; sourceTree = "<group>"; };
		06C1578E202BC1A800856031 /* Info.plist */ = {isa = PBXFileReference; lastKnownFileType = text.plist.xml; path = Info.plist; sourceTree = "<group>"; };
		38870660C3CA45E4127EC073 /* Pods_tasker.framework */ = {isa = PBXFileReference; explicitFileType = wrapper.framework; includeInIndex = 0; path = Pods_tasker.framework; sourceTree = BUILT_PRODUCTS_DIR; };
		38B134540596EEA5567D22C3 /* Pods-tasker.release.xcconfig */ = {isa = PBXFileReference; includeInIndex = 1; lastKnownFileType = text.xcconfig; name = "Pods-tasker.release.xcconfig"; path = "Pods/Target Support Files/Pods-tasker/Pods-tasker.release.xcconfig"; sourceTree = "<group>"; };
		8141A272CF15D02601AC2132 /* Pods-tasker.debug.xcconfig */ = {isa = PBXFileReference; includeInIndex = 1; lastKnownFileType = text.xcconfig; name = "Pods-tasker.debug.xcconfig"; path = "Pods/Target Support Files/Pods-tasker/Pods-tasker.debug.xcconfig"; sourceTree = "<group>"; };
/* End PBXFileReference section */

/* Begin PBXFrameworksBuildPhase section */
		06C1577C202BC1A800856031 /* Frameworks */ = {
			isa = PBXFrameworksBuildPhase;
			buildActionMask = 2147483647;
			files = (
				A0435A5059D2046B1805A0E1 /* Pods_tasker.framework in Frameworks */,
			);
			runOnlyForDeploymentPostprocessing = 0;
		};
/* End PBXFrameworksBuildPhase section */

/* Begin PBXGroup section */
		0282D1855C1448DE0B50B650 /* Frameworks */ = {
			isa = PBXGroup;
			children = (
				38870660C3CA45E4127EC073 /* Pods_tasker.framework */,
			);
			name = Frameworks;
			sourceTree = "<group>";
		};
		060546E5202E46EE00F081FA /* item */ = {
			isa = PBXGroup;
			children = (
				06AC4972202F239F00C35EC0 /* dataModel.xcdatamodeld */,
			);
			path = item;
			sourceTree = "<group>";
		};
		060546E6202E471000F081FA /* controlors */ = {
			isa = PBXGroup;
			children = (
				064E660D2030779C004042E4 /* CatograyViewControllr.swift */,
				06C15784202BC1A800856031 /* toDoListViewController.swift */,
			);
			path = controlors;
			sourceTree = "<group>";
		};
		060546E7202E471600F081FA /* view */ = {
			isa = PBXGroup;
			children = (
				06C15786202BC1A800856031 /* Main.storyboard */,
			);
			path = view;
			sourceTree = "<group>";
		};
		060546E8202E472E00F081FA /* suporrt */ = {
			isa = PBXGroup;
			children = (
				06C15789202BC1A800856031 /* Assets.xcassets */,
				06C1578B202BC1A800856031 /* LaunchScreen.storyboard */,
			);
			path = suporrt;
			sourceTree = "<group>";
		};
		06C15776202BC1A800856031 = {
			isa = PBXGroup;
			children = (
				06C15781202BC1A800856031 /* tasker */,
				06C15780202BC1A800856031 /* Products */,
				B686AC46ACCDAFC84AA335FF /* Pods */,
				0282D1855C1448DE0B50B650 /* Frameworks */,
			);
			sourceTree = "<group>";
		};
		06C15780202BC1A800856031 /* Products */ = {
			isa = PBXGroup;
			children = (
				06C1577F202BC1A800856031 /* tasker.app */,
			);
			name = Products;
			sourceTree = "<group>";
		};
		06C15781202BC1A800856031 /* tasker */ = {
			isa = PBXGroup;
			children = (
				06C15782202BC1A800856031 /* AppDelegate.swift */,
				060546E6202E471000F081FA /* controlors */,
				060546E5202E46EE00F081FA /* item */,
				060546E7202E471600F081FA /* view */,
				060546E8202E472E00F081FA /* suporrt */,
				06C1578E202BC1A800856031 /* Info.plist */,
			);
			path = tasker;
			sourceTree = "<group>";
		};
		B686AC46ACCDAFC84AA335FF /* Pods */ = {
			isa = PBXGroup;
			children = (
				8141A272CF15D02601AC2132 /* Pods-tasker.debug.xcconfig */,
				38B134540596EEA5567D22C3 /* Pods-tasker.release.xcconfig */,
			);
			name = Pods;
			sourceTree = "<group>";
		};
/* End PBXGroup section */

/* Begin PBXNativeTarget section */
		06C1577E202BC1A800856031 /* tasker */ = {
			isa = PBXNativeTarget;
			buildConfigurationList = 06C15791202BC1A800856031 /* Build configuration list for PBXNativeTarget "tasker" */;
			buildPhases = (
				F2BC63B650C3808BB27274A0 /* [CP] Check Pods Manifest.lock */,
				06C1577B202BC1A800856031 /* Sources */,
				06C1577C202BC1A800856031 /* Frameworks */,
				06C1577D202BC1A800856031 /* Resources */,
				855BFA055F3E9EC65D0BBB53 /* [CP] Embed Pods Frameworks */,
				BB02DF47EA4655DD4850BC39 /* [CP] Copy Pods Resources */,
			);
			buildRules = (
			);
			dependencies = (
			);
			name = tasker;
			productName = tasker;
			productReference = 06C1577F202BC1A800856031 /* tasker.app */;
			productType = "com.apple.product-type.application";
		};
/* End PBXNativeTarget section */

/* Begin PBXProject section */
		06C15777202BC1A800856031 /* Project object */ = {
			isa = PBXProject;
			attributes = {
				LastSwiftUpdateCheck = 0920;
				LastUpgradeCheck = 0920;
				ORGANIZATIONNAME = E.LAB;
				TargetAttributes = {
					06C1577E202BC1A800856031 = {
						CreatedOnToolsVersion = 9.2;
						ProvisioningStyle = Automatic;
					};
				};
			};
			buildConfigurationList = 06C1577A202BC1A800856031 /* Build configuration list for PBXProject "tasker" */;
			compatibilityVersion = "Xcode 8.0";
			developmentRegion = en;
			hasScannedForEncodings = 0;
			knownRegions = (
				en,
				Base,
			);
			mainGroup = 06C15776202BC1A800856031;
			productRefGroup = 06C15780202BC1A800856031 /* Products */;
			projectDirPath = "";
			projectRoot = "";
			targets = (
				06C1577E202BC1A800856031 /* tasker */,
			);
		};
/* End PBXProject section */

/* Begin PBXResourcesBuildPhase section */
		06C1577D202BC1A800856031 /* Resources */ = {
			isa = PBXResourcesBuildPhase;
			buildActionMask = 2147483647;
			files = (
				06C1578D202BC1A800856031 /* LaunchScreen.storyboard in Resources */,
				06C1578A202BC1A800856031 /* Assets.xcassets in Resources */,
				06C15788202BC1A800856031 /* Main.storyboard in Resources */,
			);
			runOnlyForDeploymentPostprocessing = 0;
		};
/* End PBXResourcesBuildPhase section */

/* Begin PBXShellScriptBuildPhase section */
		855BFA055F3E9EC65D0BBB53 /* [CP] Embed Pods Frameworks */ = {
			isa = PBXShellScriptBuildPhase;
			buildActionMask = 2147483647;
			files = (
			);
			inputPaths = (
				"${SRCROOT}/Pods/Target Support Files/Pods-tasker/Pods-tasker-frameworks.sh",
				"${BUILT_PRODUCTS_DIR}/Realm/Realm.framework",
				"${BUILT_PRODUCTS_DIR}/RealmSwift/RealmSwift.framework",
			);
			name = "[CP] Embed Pods Frameworks";
			outputPaths = (
				"${TARGET_BUILD_DIR}/${FRAMEWORKS_FOLDER_PATH}/Realm.framework",
				"${TARGET_BUILD_DIR}/${FRAMEWORKS_FOLDER_PATH}/RealmSwift.framework",
			);
			runOnlyForDeploymentPostprocessing = 0;
			shellPath = /bin/sh;
			shellScript = "\"${SRCROOT}/Pods/Target Support Files/Pods-tasker/Pods-tasker-frameworks.sh\"\n";
			showEnvVarsInLog = 0;
		};
		BB02DF47EA4655DD4850BC39 /* [CP] Copy Pods Resources */ = {
			isa = PBXShellScriptBuildPhase;
			buildActionMask = 2147483647;
			files = (
			);
			inputPaths = (
			);
			name = "[CP] Copy Pods Resources";
			outputPaths = (
			);
			runOnlyForDeploymentPostprocessing = 0;
			shellPath = /bin/sh;
			shellScript = "\"${SRCROOT}/Pods/Target Support Files/Pods-tasker/Pods-tasker-resources.sh\"\n";
			showEnvVarsInLog = 0;
		};
		F2BC63B650C3808BB27274A0 /* [CP] Check Pods Manifest.lock */ = {
			isa = PBXShellScriptBuildPhase;
			buildActionMask = 2147483647;
			files = (
			);
			inputPaths = (
				"${PODS_PODFILE_DIR_PATH}/Podfile.lock",
				"${PODS_ROOT}/Manifest.lock",
			);
			name = "[CP] Check Pods Manifest.lock";
			outputPaths = (
				"$(DERIVED_FILE_DIR)/Pods-tasker-checkManifestLockResult.txt",
			);
			runOnlyForDeploymentPostprocessing = 0;
			shellPath = /bin/sh;
			shellScript = "diff \"${PODS_PODFILE_DIR_PATH}/Podfile.lock\" \"${PODS_ROOT}/Manifest.lock\" > /dev/null\nif [ $? != 0 ] ; then\n    # print error to STDERR\n    echo \"error: The sandbox is not in sync with the Podfile.lock. Run 'pod install' or update your CocoaPods installation.\" >&2\n    exit 1\nfi\n# This output is used by Xcode 'outputs' to avoid re-running this script phase.\necho \"SUCCESS\" > \"${SCRIPT_OUTPUT_FILE_0}\"\n";
			showEnvVarsInLog = 0;
		};
/* End PBXShellScriptBuildPhase section */

/* Begin PBXSourcesBuildPhase section */
		06C1577B202BC1A800856031 /* Sources */ = {
			isa = PBXSourcesBuildPhase;
			buildActionMask = 2147483647;
			files = (
				06C15785202BC1A800856031 /* toDoListViewController.swift in Sources */,
				06AC4974202F239F00C35EC0 /* dataModel.xcdatamodeld in Sources */,
				064E660E2030779C004042E4 /* CatograyViewControllr.swift in Sources */,
				06C15783202BC1A800856031 /* AppDelegate.swift in Sources */,
			);
			runOnlyForDeploymentPostprocessing = 0;
		};
/* End PBXSourcesBuildPhase section */

/* Begin PBXVariantGroup section */
		06C15786202BC1A800856031 /* Main.storyboard */ = {
			isa = PBXVariantGroup;
			children = (
				06C15787202BC1A800856031 /* Base */,
			);
			name = Main.storyboard;
			sourceTree = "<group>";
		};
		06C1578B202BC1A800856031 /* LaunchScreen.storyboard */ = {
			isa = PBXVariantGroup;
			children = (
				06C1578C202BC1A800856031 /* Base */,
			);
			name = LaunchScreen.storyboard;
			sourceTree = "<group>";
		};
/* End PBXVariantGroup section */

/* Begin XCBuildConfiguration section */
		06C1578F202BC1A800856031 /* Debug */ = {
			isa = XCBuildConfiguration;
			buildSettings = {
				ALWAYS_SEARCH_USER_PATHS = NO;
				CLANG_ANALYZER_NONNULL = YES;
				CLANG_ANALYZER_NUMBER_OBJECT_CONVERSION = YES_AGGRESSIVE;
				CLANG_CXX_LANGUAGE_STANDARD = "gnu++14";
				CLANG_CXX_LIBRARY = "libc++";
				CLANG_ENABLE_MODULES = YES;
				CLANG_ENABLE_OBJC_ARC = YES;
				CLANG_WARN_BLOCK_CAPTURE_AUTORELEASING = YES;
				CLANG_WARN_BOOL_CONVERSION = YES;
				CLANG_WARN_COMMA = YES;
				CLANG_WARN_CONSTANT_CONVERSION = YES;
				CLANG_WARN_DIRECT_OBJC_ISA_USAGE = YES_ERROR;
				CLANG_WARN_DOCUMENTATION_COMMENTS = YES;
				CLANG_WARN_EMPTY_BODY = YES;
				CLANG_WARN_ENUM_CONVERSION = YES;
				CLANG_WARN_INFINITE_RECURSION = YES;
				CLANG_WARN_INT_CONVERSION = YES;
				CLANG_WARN_NON_LITERAL_NULL_CONVERSION = YES;
				CLANG_WARN_OBJC_LITERAL_CONVERSION = YES;
				CLANG_WARN_OBJC_ROOT_CLASS = YES_ERROR;
				CLANG_WARN_RANGE_LOOP_ANALYSIS = YES;
				CLANG_WARN_STRICT_PROTOTYPES = YES;
				CLANG_WARN_SUSPICIOUS_MOVE = YES;
				CLANG_WARN_UNGUARDED_AVAILABILITY = YES_AGGRESSIVE;
				CLANG_WARN_UNREACHABLE_CODE = YES;
				CLANG_WARN__DUPLICATE_METHOD_MATCH = YES;
				CODE_SIGN_IDENTITY = "iPhone Developer";
				COPY_PHASE_STRIP = NO;
				DEBUG_INFORMATION_FORMAT = dwarf;
				ENABLE_STRICT_OBJC_MSGSEND = YES;
				ENABLE_TESTABILITY = YES;
				GCC_C_LANGUAGE_STANDARD = gnu11;
				GCC_DYNAMIC_NO_PIC = NO;
				GCC_NO_COMMON_BLOCKS = YES;
				GCC_OPTIMIZATION_LEVEL = 0;
				GCC_PREPROCESSOR_DEFINITIONS = (
					"DEBUG=1",
					"$(inherited)",
				);
				GCC_WARN_64_TO_32_BIT_CONVERSION = YES;
				GCC_WARN_ABOUT_RETURN_TYPE = YES_ERROR;
				GCC_WARN_UNDECLARED_SELECTOR = YES;
				GCC_WARN_UNINITIALIZED_AUTOS = YES_AGGRESSIVE;
				GCC_WARN_UNUSED_FUNCTION = YES;
				GCC_WARN_UNUSED_VARIABLE = YES;
				IPHONEOS_DEPLOYMENT_TARGET = 11.2;
				MTL_ENABLE_DEBUG_INFO = YES;
				ONLY_ACTIVE_ARCH = YES;
				SDKROOT = iphoneos;
				SWIFT_ACTIVE_COMPILATION_CONDITIONS = DEBUG;
				SWIFT_OPTIMIZATION_LEVEL = "-Onone";
			};
			name = Debug;
		};
		06C15790202BC1A800856031 /* Release */ = {
			isa = XCBuildConfiguration;
			buildSettings = {
				ALWAYS_SEARCH_USER_PATHS = NO;
				CLANG_ANALYZER_NONNULL = YES;
				CLANG_ANALYZER_NUMBER_OBJECT_CONVERSION = YES_AGGRESSIVE;
				CLANG_CXX_LANGUAGE_STANDARD = "gnu++14";
				CLANG_CXX_LIBRARY = "libc++";
				CLANG_ENABLE_MODULES = YES;
				CLANG_ENABLE_OBJC_ARC = YES;
				CLANG_WARN_BLOCK_CAPTURE_AUTORELEASING = YES;
				CLANG_WARN_BOOL_CONVERSION = YES;
				CLANG_WARN_COMMA = YES;
				CLANG_WARN_CONSTANT_CONVERSION = YES;
				CLANG_WARN_DIRECT_OBJC_ISA_USAGE = YES_ERROR;
				CLANG_WARN_DOCUMENTATION_COMMENTS = YES;
				CLANG_WARN_EMPTY_BODY = YES;
				CLANG_WARN_ENUM_CONVERSION = YES;
				CLANG_WARN_INFINITE_RECURSION = YES;
				CLANG_WARN_INT_CONVERSION = YES;
				CLANG_WARN_NON_LITERAL_NULL_CONVERSION = YES;
				CLANG_WARN_OBJC_LITERAL_CONVERSION = YES;
				CLANG_WARN_OBJC_ROOT_CLASS = YES_ERROR;
				CLANG_WARN_RANGE_LOOP_ANALYSIS = YES;
				CLANG_WARN_STRICT_PROTOTYPES = YES;
				CLANG_WARN_SUSPICIOUS_MOVE = YES;
				CLANG_WARN_UNGUARDED_AVAILABILITY = YES_AGGRESSIVE;
				CLANG_WARN_UNREACHABLE_CODE = YES;
				CLANG_WARN__DUPLICATE_METHOD_MATCH = YES;
				CODE_SIGN_IDENTITY = "iPhone Developer";
				COPY_PHASE_STRIP = NO;
				DEBUG_INFORMATION_FORMAT = "dwarf-with-dsym";
				ENABLE_NS_ASSERTIONS = NO;
				ENABLE_STRICT_OBJC_MSGSEND = YES;
				GCC_C_LANGUAGE_STANDARD = gnu11;
				GCC_NO_COMMON_BLOCKS = YES;
				GCC_WARN_64_TO_32_BIT_CONVERSION = YES;
				GCC_WARN_ABOUT_RETURN_TYPE = YES_ERROR;
				GCC_WARN_UNDECLARED_SELECTOR = YES;
				GCC_WARN_UNINITIALIZED_AUTOS = YES_AGGRESSIVE;
				GCC_WARN_UNUSED_FUNCTION = YES;
				GCC_WARN_UNUSED_VARIABLE = YES;
				IPHONEOS_DEPLOYMENT_TARGET = 11.2;
				MTL_ENABLE_DEBUG_INFO = NO;
				SDKROOT = iphoneos;
				SWIFT_OPTIMIZATION_LEVEL = "-Owholemodule";
				VALIDATE_PRODUCT = YES;
			};
			name = Release;
		};
		06C15792202BC1A800856031 /* Debug */ = {
			isa = XCBuildConfiguration;
			baseConfigurationReference = 8141A272CF15D02601AC2132 /* Pods-tasker.debug.xcconfig */;
			buildSettings = {
				ASSETCATALOG_COMPILER_APPICON_NAME = AppIcon;
				CODE_SIGN_STYLE = Automatic;
				INFOPLIST_FILE = tasker/Info.plist;
				LD_RUNPATH_SEARCH_PATHS = "$(inherited) @executable_path/Frameworks";
				PRODUCT_BUNDLE_IDENTIFIER = nnn.tasker;
				PRODUCT_NAME = "$(TARGET_NAME)";
				SWIFT_VERSION = 4.0;
				TARGETED_DEVICE_FAMILY = "1,2";
			};
			name = Debug;
		};
		06C15793202BC1A800856031 /* Release */ = {
			isa = XCBuildConfiguration;
			baseConfigurationReference = 38B134540596EEA5567D22C3 /* Pods-tasker.release.xcconfig */;
			buildSettings = {
				ASSETCATALOG_COMPILER_APPICON_NAME = AppIcon;
				CODE_SIGN_STYLE = Automatic;
				INFOPLIST_FILE = tasker/Info.plist;
				LD_RUNPATH_SEARCH_PATHS = "$(inherited) @executable_path/Frameworks";
				PRODUCT_BUNDLE_IDENTIFIER = nnn.tasker;
				PRODUCT_NAME = "$(TARGET_NAME)";
				SWIFT_VERSION = 4.0;
				TARGETED_DEVICE_FAMILY = "1,2";
			};
			name = Release;
		};
/* End XCBuildConfiguration section */

/* Begin XCConfigurationList section */
		06C1577A202BC1A800856031 /* Build configuration list for PBXProject "tasker" */ = {
			isa = XCConfigurationList;
			buildConfigurations = (
				06C1578F202BC1A800856031 /* Debug */,
				06C15790202BC1A800856031 /* Release */,
			);
			defaultConfigurationIsVisible = 0;
			defaultConfigurationName = Release;
		};
		06C15791202BC1A800856031 /* Build configuration list for PBXNativeTarget "tasker" */ = {
			isa = XCConfigurationList;
			buildConfigurations = (
				06C15792202BC1A800856031 /* Debug */,
				06C15793202BC1A800856031 /* Release */,
			);
			defaultConfigurationIsVisible = 0;
			defaultConfigurationName = Release;
		};
/* End XCConfigurationList section */

/* Begin XCVersionGroup section */
		06AC4972202F239F00C35EC0 /* dataModel.xcdatamodeld */ = {
			isa = XCVersionGroup;
			children = (
				06AC4973202F239F00C35EC0 /* dataModel.xcdatamodel */,
			);
			currentVersion = 06AC4973202F239F00C35EC0 /* dataModel.xcdatamodel */;
			path = dataModel.xcdatamodeld;
			sourceTree = "<group>";
			versionGroupType = wrapper.xcdatamodel;
		};
/* End XCVersionGroup section */
	};
	rootObject = 06C15777202BC1A800856031 /* Project object */;
}
